
Microsoft Visual Studio Solution File, Format Version 12.00
# Visual Studio Version 16
VisualStudioVersion = 16.0.30204.135
MinimumVisualStudioVersion = 10.0.40219.1
Project("{FAE04EC0-301F-11D3-BF4B-00C04F79EFBC}") = "BlankCSharp", "BlankCSharp\BlankCSharp.csproj", "{D176A4BE-F5ED-48BE-8991-6205512EB7F8}"
EndProject
Global
	GlobalSection(SolutionConfigurationPlatforms) = preSolution
		Debug|Any CPU = Debug|Any CPU
		Release|Any CPU = Release|Any CPU
	EndGlobalSection
	GlobalSection(ProjectConfigurationPlatforms) = postSolution
		{D176A4BE-F5ED-48BE-8991-6205512EB7F8}.Debug|Any CPU.ActiveCfg = Debug|Any CPU
		{D176A4BE-F5ED-48BE-8991-6205512EB7F8}.Debug|Any CPU.Build.0 = Debug|Any CPU
		{D176A4BE-F5ED-48BE-8991-6205512EB7F8}.Release|Any CPU.ActiveCfg = Release|Any CPU
		{D176A4BE-F5ED-48BE-8991-6205512EB7F8}.Release|Any CPU.Build.0 = Release|Any CPU
	EndGlobalSection
	GlobalSection(SolutionProperties) = preSolution
		HideSolutionNode = FALSE
	EndGlobalSection
	GlobalSection(ExtensibilityGlobals) = postSolution
		SolutionGuid = {4D997CF9-373A-4CF7-A165-08D8F53E1F9E}
	EndGlobalSection
EndGlobal
